
Microsoft Visual Studio Solution File, Format Version 10.00
# Visual Studio 2008
Project("{8BC9CEB8-8B4A-11D0-8D11-00A0C91BC942}") = "Arrays", "Arrays.vcproj", "{F3338F96-C18C-4DC5-B407-5EDF68C128CC}"
EndProject
Global
	GlobalSection(SolutionConfigurationPlatforms) = preSolution
		Debug|Win32 = Debug|Win32
		Release|Win32 = Release|Win32
	EndGlobalSection
	GlobalSection(ProjectConfigurationPlatforms) = postSolution
		{F3338F96-C18C-4DC5-B407-5EDF68C128CC}.Debug|Win32.ActiveCfg = Debug|Win32
		{F3338F96-C18C-4DC5-B407-5EDF68C128CC}.Debug|Win32.Build.0 = Debug|Win32
		{F3338F96-C18C-4DC5-B407-5EDF68C128CC}.Release|Win32.ActiveCfg = Release|Win32
		{F3338F96-C18C-4DC5-B407-5EDF68C128CC}.Release|Win32.Build.0 = Release|Win32
	EndGlobalSection
	GlobalSection(SolutionProperties) = preSolution
		HideSolutionNode = FALSE
	EndGlobalSection
EndGlobal
